
Microsoft Visual Studio Solution File, Format Version 12.00
# Visual Studio Version 17
VisualStudioVersion = 17.7.34024.191
MinimumVisualStudioVersion = 10.0.40219.1
Project("{8BC9CEB8-8B4A-11D0-8D11-00A0C91BC942}") = "Diff", "Diff.vcxproj", "{57A3BB58-7624-4EDE-B8D3-536D88164BEB}"
EndProject
Global
	GlobalSection(SolutionConfigurationPlatforms) = preSolution
		Debug|x64 = Debug|x64
		Debug|x86 = Debug|x86
		Release|x64 = Release|x64
		Release|x86 = Release|x86
	EndGlobalSection
	GlobalSection(ProjectConfigurationPlatforms) = postSolution
		{57A3BB58-7624-4EDE-B8D3-536D88164BEB}.Debug|x64.ActiveCfg = Debug|x64
		{57A3BB58-7624-4EDE-B8D3-536D88164BEB}.Debug|x64.Build.0 = Debug|x64
		{57A3BB58-7624-4EDE-B8D3-536D88164BEB}.Debug|x86.ActiveCfg = Debug|Win32
		{57A3BB58-7624-4EDE-B8D3-536D88164BEB}.Debug|x86.Build.0 = Debug|Win32
		{57A3BB58-7624-4EDE-B8D3-536D88164BEB}.Release|x64.ActiveCfg = Release|x64
		{57A3BB58-7624-4EDE-B8D3-536D88164BEB}.Release|x64.Build.0 = Release|x64
		{57A3BB58-7624-4EDE-B8D3-536D88164BEB}.Release|x86.ActiveCfg = Release|Win32
		{57A3BB58-7624-4EDE-B8D3-536D88164BEB}.Release|x86.Build.0 = Release|Win32
	EndGlobalSection
	GlobalSection(SolutionProperties) = preSolution
		HideSolutionNode = FALSE
	EndGlobalSection
	GlobalSection(ExtensibilityGlobals) = postSolution
		SolutionGuid = {1032C38E-95D3-4F22-983C-636600A28052}
	EndGlobalSection
EndGlobal
